Microsoft Visual Studio Solution File, Format Version 12.00
# Visual Studio Version 17
VisualStudioVersion = 17.5.2.0
MinimumVisualStudioVersion = 10.0.40219.1
Project("{FAE04EC0-301F-11D3-BF4B-00C04F79EFBC}") = "Kannada.AsciiUnicode", "Kannada.AsciiUnicode\Kannada.AsciiUnicode.csproj", "{8E71D27D-889B-C897-9EEF-120E14CA0B58}"
EndProject
Global
	GlobalSection(SolutionConfigurationPlatforms) = preSolution
		Debug|Any CPU = Debug|Any CPU
		Release|Any CPU = Release|Any CPU
	EndGlobalSection
	GlobalSection(ProjectConfigurationPlatforms) = postSolution
		{8E71D27D-889B-C897-9EEF-120E14CA0B58}.Debug|Any CPU.ActiveCfg = Debug|Any CPU
		{8E71D27D-889B-C897-9EEF-120E14CA0B58}.Debug|Any CPU.Build.0 = Debug|Any CPU
		{8E71D27D-889B-C897-9EEF-120E14CA0B58}.Release|Any CPU.ActiveCfg = Release|Any CPU
		{8E71D27D-889B-C897-9EEF-120E14CA0B58}.Release|Any CPU.Build.0 = Release|Any CPU
	EndGlobalSection
	GlobalSection(SolutionProperties) = preSolution
		HideSolutionNode = FALSE
	EndGlobalSection
	GlobalSection(ExtensibilityGlobals) = postSolution
		SolutionGuid = {94EA0020-D5ED-424F-A17C-1753EF3402F6}
	EndGlobalSection
EndGlobal
